{"adapters":[],"capabilities":[],"contracts":{"ir":{"digest":"sha256:9333f37c2cf57b6a9f08024f4d81a8d4ee96f34527fa92c53ab7a4e3c6761b28","version":"0.2.16"},"model":{"digest":"sha256:0bf1d8274e6bc5501d68b55944e562ac999210803e10bdaf69e4cf14ab1ccba2","version":"0.2.16"},"registry":{"digest":"sha256:5ebd28346be27a1edfb5f3ec6f5af2d9d8ae23f8e44ee6ee0c9bb41a68c9c7da","version":"0.2.16"},"target_protocol":{"digest":"sha256:a9229e5ca44843cda7435b8ec98c1ab13cf6cacbdd9d2bf1c5e746d73e3adb5f","version":"0.3.2"}},"core":{"version":"0.6.3"},"generators":[],"profiles":[],"resolver":{"catalogs":[],"request_digest":"sha256:8f194d076379133e399f4a99a3157dc58e5453b2c827e0a59e0ba04d86f8a7f9","version":"0.2.16"},"schema_version":"lekalo/lock/v0.3.2"}
